
Microsoft Visual Studio Solution File, Format Version 12.00
# Visual Studio 15
VisualStudioVersion = 15.0.26730.16
MinimumVisualStudioVersion = 10.0.40219.1
Project("{9A19103F-16F7-4668-BE54-9A1E7A4F7556}") = "lab27_brian", "lab27_brian\lab27_brian.csproj", "{F1438E44-1BD3-4B95-BB14-9321EF74CB4A}"
EndProject
Global
	GlobalSection(SolutionConfigurationPlatforms) = preSolution
		Debug|Any CPU = Debug|Any CPU
		Release|Any CPU = Release|Any CPU
	EndGlobalSection
	GlobalSection(ProjectConfigurationPlatforms) = postSolution
		{F1438E44-1BD3-4B95-BB14-9321EF74CB4A}.Debug|Any CPU.ActiveCfg = Debug|Any CPU
		{F1438E44-1BD3-4B95-BB14-9321EF74CB4A}.Debug|Any CPU.Build.0 = Debug|Any CPU
		{F1438E44-1BD3-4B95-BB14-9321EF74CB4A}.Release|Any CPU.ActiveCfg = Release|Any CPU
		{F1438E44-1BD3-4B95-BB14-9321EF74CB4A}.Release|Any CPU.Build.0 = Release|Any CPU
	EndGlobalSection
	GlobalSection(SolutionProperties) = preSolution
		HideSolutionNode = FALSE
	EndGlobalSection
	GlobalSection(ExtensibilityGlobals) = postSolution
		SolutionGuid = {BE324CF9-C36B-44C6-A3AC-4B5DABA67792}
	EndGlobalSection
EndGlobal
