
Microsoft Visual Studio Solution File, Format Version 12.00
# Visual Studio 15
VisualStudioVersion = 15.0.26730.12
MinimumVisualStudioVersion = 10.0.40219.1
Project("{FAE04EC0-301F-11D3-BF4B-00C04F79EFBC}") = "lab28Permissions", "lab28Permissions\lab28Permissions.csproj", "{78E1441A-B579-43AD-A18D-8BAB5AF91495}"
EndProject
Global
	GlobalSection(SolutionConfigurationPlatforms) = preSolution
		Debug|Any CPU = Debug|Any CPU
		Release|Any CPU = Release|Any CPU
	EndGlobalSection
	GlobalSection(ProjectConfigurationPlatforms) = postSolution
		{78E1441A-B579-43AD-A18D-8BAB5AF91495}.Debug|Any CPU.ActiveCfg = Debug|Any CPU
		{78E1441A-B579-43AD-A18D-8BAB5AF91495}.Debug|Any CPU.Build.0 = Debug|Any CPU
		{78E1441A-B579-43AD-A18D-8BAB5AF91495}.Release|Any CPU.ActiveCfg = Release|Any CPU
		{78E1441A-B579-43AD-A18D-8BAB5AF91495}.Release|Any CPU.Build.0 = Release|Any CPU
	EndGlobalSection
	GlobalSection(SolutionProperties) = preSolution
		HideSolutionNode = FALSE
	EndGlobalSection
	GlobalSection(ExtensibilityGlobals) = postSolution
		SolutionGuid = {1338488A-96AC-4676-BC22-BE9E872E7F89}
	EndGlobalSection
EndGlobal
